
Microsoft Visual Studio Solution File, Format Version 12.00
# Visual Studio Version 17
VisualStudioVersion = 17.14.36518.9
MinimumVisualStudioVersion = 10.0.40219.1
Project("{FAE04EC0-301F-11D3-BF4B-00C04F79EFBC}") = "EventEase", "EventEase.csproj", "{AF052A63-1135-40CC-889B-93536B3AD959}"
EndProject
Global
	GlobalSection(SolutionConfigurationPlatforms) = preSolution
		Debug|Any CPU = Debug|Any CPU
		Release|Any CPU = Release|Any CPU
	EndGlobalSection
	GlobalSection(ProjectConfigurationPlatforms) = postSolution
		{AF052A63-1135-40CC-889B-93536B3AD959}.Debug|Any CPU.ActiveCfg = Debug|Any CPU
		{AF052A63-1135-40CC-889B-93536B3AD959}.Debug|Any CPU.Build.0 = Debug|Any CPU
		{AF052A63-1135-40CC-889B-93536B3AD959}.Release|Any CPU.ActiveCfg = Release|Any CPU
		{AF052A63-1135-40CC-889B-93536B3AD959}.Release|Any CPU.Build.0 = Release|Any CPU
	EndGlobalSection
	GlobalSection(SolutionProperties) = preSolution
		HideSolutionNode = FALSE
	EndGlobalSection
	GlobalSection(ExtensibilityGlobals) = postSolution
		SolutionGuid = {45087839-98DD-4BF9-A653-89CCFA0DD4E9}
	EndGlobalSection
EndGlobal
